// !$*UTF8*$!
{
	archiveVersion = 1;
	classes = {
	};
	objectVersion = 46;
	objects = {

/* Begin PBXBuildFile section */
		3BCB960D1E0759C300F65F53 /* Foundation.framework in Frameworks */ = {isa = PBXBuildFile; fileRef = 3BCB960C1E0759C300F65F53 /* Foundation.framework */; };
		3BCB960F1E0759C300F65F53 /* UIKit.framework in Frameworks */ = {isa = PBXBuildFile; fileRef = 3BCB960E1E0759C300F65F53 /* UIKit.framework */; };
		3BCB96181E0759C300F65F53 /* BluetoothDeviceCondition.m in Sources */ = {isa = PBXBuildFile; fileRef = 3BCB96171E0759C300F65F53 /* BluetoothDeviceCondition.m */; };
		3BCB96291E075AC200F65F53 /* ActIf.h in Headers */ = {isa = PBXBuildFile; fileRef = 3BCB96281E075AC200F65F53 /* ActIf.h */; };
/* End PBXBuildFile section */

/* Begin PBXFileReference section */
		3BCB96091E0759C300F65F53 /* BluetoothDeviceCondition.dylib */ = {isa = PBXFileReference; explicitFileType = "compiled.mach-o.dylib"; includeInIndex = 0; path = BluetoothDeviceCondition.dylib; sourceTree = BUILT_PRODUCTS_DIR; };
		3BCB960C1E0759C300F65F53 /* Foundation.framework */ = {isa = PBXFileReference; lastKnownFileType = wrapper.framework; name = Foundation.framework; path = System/Library/Frameworks/Foundation.framework; sourceTree = SDKROOT; };
		3BCB960E1E0759C300F65F53 /* UIKit.framework */ = {isa = PBXFileReference; lastKnownFileType = wrapper.framework; name = UIKit.framework; path = System/Library/Frameworks/UIKit.framework; sourceTree = SDKROOT; };
		3BCB96141E0759C300F65F53 /* control */ = {isa = PBXFileReference; lastKnownFileType = text; name = control; path = Package/DEBIAN/control; sourceTree = "<group>"; };
		3BCB96161E0759C300F65F53 /* PackageVersion.plist */ = {isa = PBXFileReference; lastKnownFileType = text.plist.xml; path = PackageVersion.plist; sourceTree = "<group>"; };
		3BCB96171E0759C300F65F53 /* BluetoothDeviceCondition.m */ = {isa = PBXFileReference; lastKnownFileType = sourcecode.c.objc; path = BluetoothDeviceCondition.m; sourceTree = "<group>"; };
		3BCB96281E075AC200F65F53 /* ActIf.h */ = {isa = PBXFileReference; fileEncoding = 4; lastKnownFileType = sourcecode.c.h; path = ActIf.h; sourceTree = "<group>"; };
/* End PBXFileReference section */

/* Begin PBXFrameworksBuildPhase section */
		3BCB96051E0759C300F65F53 /* Frameworks */ = {
			isa = PBXFrameworksBuildPhase;
			buildActionMask = 2147483647;
			files = (
				3BCB960D1E0759C300F65F53 /* Foundation.framework in Frameworks */,
				3BCB960F1E0759C300F65F53 /* UIKit.framework in Frameworks */,
			);
			runOnlyForDeploymentPostprocessing = 0;
		};
/* End PBXFrameworksBuildPhase section */

/* Begin PBXGroup section */
		3BCB95FF1E0759C300F65F53 = {
			isa = PBXGroup;
			children = (
				3BCB96101E0759C300F65F53 /* BluetoothDeviceCondition */,
				3BCB960B1E0759C300F65F53 /* Frameworks */,
				3BCB960A1E0759C300F65F53 /* Products */,
			);
			sourceTree = "<group>";
		};
		3BCB960A1E0759C300F65F53 /* Products */ = {
			isa = PBXGroup;
			children = (
				3BCB96091E0759C300F65F53 /* BluetoothDeviceCondition.dylib */,
			);
			name = Products;
			sourceTree = "<group>";
		};
		3BCB960B1E0759C300F65F53 /* Frameworks */ = {
			isa = PBXGroup;
			children = (
				3BCB960C1E0759C300F65F53 /* Foundation.framework */,
				3BCB960E1E0759C300F65F53 /* UIKit.framework */,
			);
			name = Frameworks;
			sourceTree = "<group>";
		};
		3BCB96101E0759C300F65F53 /* BluetoothDeviceCondition */ = {
			isa = PBXGroup;
			children = (
				3BCB96281E075AC200F65F53 /* ActIf.h */,
				3BCB96171E0759C300F65F53 /* BluetoothDeviceCondition.m */,
				3BCB96111E0759C300F65F53 /* Package */,
				3BCB96151E0759C300F65F53 /* Supporting Files */,
			);
			path = BluetoothDeviceCondition;
			sourceTree = "<group>";
		};
		3BCB96111E0759C300F65F53 /* Package */ = {
			isa = PBXGroup;
			children = (
				3BCB96121E0759C300F65F53 /* DEBIAN */,
			);
			name = Package;
			sourceTree = "<group>";
		};
		3BCB96121E0759C300F65F53 /* DEBIAN */ = {
			isa = PBXGroup;
			children = (
				3BCB96141E0759C300F65F53 /* control */,
			);
			name = DEBIAN;
			sourceTree = "<group>";
		};
		3BCB96151E0759C300F65F53 /* Supporting Files */ = {
			isa = PBXGroup;
			children = (
				3BCB96161E0759C300F65F53 /* PackageVersion.plist */,
			);
			name = "Supporting Files";
			sourceTree = "<group>";
		};
/* End PBXGroup section */

/* Begin PBXHeadersBuildPhase section */
		3BCB96061E0759C300F65F53 /* Headers */ = {
			isa = PBXHeadersBuildPhase;
			buildActionMask = 2147483647;
			files = (
				3BCB96291E075AC200F65F53 /* ActIf.h in Headers */,
			);
			runOnlyForDeploymentPostprocessing = 0;
		};
/* End PBXHeadersBuildPhase section */

/* Begin PBXNativeTarget section */
		3BCB96081E0759C300F65F53 /* BluetoothDeviceCondition */ = {
			isa = PBXNativeTarget;
			buildConfigurationList = 3BCB96251E0759C300F65F53 /* Build configuration list for PBXNativeTarget "BluetoothDeviceCondition" */;
			buildPhases = (
				3BCB96041E0759C300F65F53 /* Sources */,
				3BCB96051E0759C300F65F53 /* Frameworks */,
				3BCB96061E0759C300F65F53 /* Headers */,
				3BCB96071E0759C300F65F53 /* ShellScript */,
			);
			buildRules = (
			);
			dependencies = (
			);
			name = BluetoothDeviceCondition;
			productName = BluetoothDeviceCondition;
			productReference = 3BCB96091E0759C300F65F53 /* BluetoothDeviceCondition.dylib */;
			productType = "com.apple.product-type.library.dynamic";
		};
/* End PBXNativeTarget section */

/* Begin PBXProject section */
		3BCB96001E0759C300F65F53 /* Project object */ = {
			isa = PBXProject;
			attributes = {
				LastUpgradeCheck = 0820;
				TargetAttributes = {
					3BCB96081E0759C300F65F53 = {
						CreatedOnToolsVersion = 8.2;
						ProvisioningStyle = Automatic;
					};
				};
			};
			buildConfigurationList = 3BCB96031E0759C300F65F53 /* Build configuration list for PBXProject "BluetoothDeviceCondition" */;
			compatibilityVersion = "Xcode 3.2";
			developmentRegion = English;
			hasScannedForEncodings = 0;
			knownRegions = (
				en,
			);
			mainGroup = 3BCB95FF1E0759C300F65F53;
			productRefGroup = 3BCB960A1E0759C300F65F53 /* Products */;
			projectDirPath = "";
			projectRoot = "";
			targets = (
				3BCB96081E0759C300F65F53 /* BluetoothDeviceCondition */,
			);
		};
/* End PBXProject section */

/* Begin PBXShellScriptBuildPhase section */
		3BCB96071E0759C300F65F53 /* ShellScript */ = {
			isa = PBXShellScriptBuildPhase;
			buildActionMask = 2147483647;
			files = (
			);
			inputPaths = (
			);
			outputPaths = (
			);
			runOnlyForDeploymentPostprocessing = 0;
			shellPath = /bin/sh;
			shellScript = "/opt/iOSOpenDev/bin/iosod --xcbp";
		};
/* End PBXShellScriptBuildPhase section */

/* Begin PBXSourcesBuildPhase section */
		3BCB96041E0759C300F65F53 /* Sources */ = {
			isa = PBXSourcesBuildPhase;
			buildActionMask = 2147483647;
			files = (
				3BCB96181E0759C300F65F53 /* BluetoothDeviceCondition.m in Sources */,
			);
			runOnlyForDeploymentPostprocessing = 0;
		};
/* End PBXSourcesBuildPhase section */

/* Begin XCBuildConfiguration section */
		3BCB96231E0759C300F65F53 /* Debug */ = {
			isa = XCBuildConfiguration;
			buildSettings = {
				COPY_PHASE_STRIP = NO;
				EXCLUDED_RECURSIVE_SEARCH_PATH_SUBDIRECTORIES = "*.nib *.lproj *.gch (*) .DS_Store CVS .svn .git .hg *.xcodeproj *.xcode *.pbproj *.pbxproj";
				FRAMEWORK_SEARCH_PATHS = (
					"$(iOSOpenDevPath)/frameworks/**",
					"$(SDKROOT)/System/Library/PrivateFrameworks",
				);
				GCC_C_LANGUAGE_STANDARD = gnu99;
				GCC_DYNAMIC_NO_PIC = NO;
				GCC_OPTIMIZATION_LEVEL = 0;
				GCC_PREPROCESSOR_DEFINITIONS = (
					"DEBUG=1",
					"$(inherited)",
				);
				GCC_SYMBOLS_PRIVATE_EXTERN = NO;
				GCC_WARN_ABOUT_MISSING_PROTOTYPES = YES;
				GCC_WARN_ABOUT_RETURN_TYPE = YES;
				GCC_WARN_UNUSED_VARIABLE = YES;
				HEADER_SEARCH_PATHS = "$(iOSOpenDevPath)/include/**";
				IPHONEOS_DEPLOYMENT_TARGET = 10.2;
				LIBRARY_SEARCH_PATHS = "$(iOSOpenDevPath)/lib/**";
				SDKROOT = iphoneos;
				TARGETED_DEVICE_FAMILY = "1,2";
				VALIDATE_PRODUCT = NO;
				iOSOpenDevPath = /opt/iOSOpenDev;
			};
			name = Debug;
		};
		3BCB96241E0759C300F65F53 /* Release */ = {
			isa = XCBuildConfiguration;
			buildSettings = {
				COPY_PHASE_STRIP = YES;
				EXCLUDED_RECURSIVE_SEARCH_PATH_SUBDIRECTORIES = "*.nib *.lproj *.gch (*) .DS_Store CVS .svn .git .hg *.xcodeproj *.xcode *.pbproj *.pbxproj";
				FRAMEWORK_SEARCH_PATHS = (
					"$(iOSOpenDevPath)/frameworks/**",
					"$(SDKROOT)/System/Library/PrivateFrameworks",
				);
				GCC_C_LANGUAGE_STANDARD = gnu99;
				GCC_WARN_ABOUT_MISSING_PROTOTYPES = YES;
				GCC_WARN_ABOUT_RETURN_TYPE = YES;
				GCC_WARN_UNUSED_VARIABLE = YES;
				HEADER_SEARCH_PATHS = "$(iOSOpenDevPath)/include/**";
				IPHONEOS_DEPLOYMENT_TARGET = 10.2;
				LIBRARY_SEARCH_PATHS = "$(iOSOpenDevPath)/lib/**";
				SDKROOT = iphoneos;
				TARGETED_DEVICE_FAMILY = "1,2";
				VALIDATE_PRODUCT = YES;
				iOSOpenDevPath = /opt/iOSOpenDev;
			};
			name = Release;
		};
		3BCB96261E0759C300F65F53 /* Debug */ = {
			isa = XCBuildConfiguration;
			buildSettings = {
				CODE_SIGN_IDENTITY = "";
				DYLIB_COMPATIBILITY_VERSION = 1;
				DYLIB_CURRENT_VERSION = 1;
				INSTALL_PATH = /Library/ActIf/Conditions;
				PRODUCT_NAME = "$(TARGET_NAME)";
				iOSOpenDevBuildPackageOnAnyBuild = NO;
				iOSOpenDevCopyOnBuild = NO;
				iOSOpenDevDevice = "";
				iOSOpenDevInstallOnAnyBuild = NO;
				iOSOpenDevInstallOnProfiling = YES;
				iOSOpenDevRespringOnInstall = YES;
				iOSOpenDevUsePackageVersionPList = YES;
			};
			name = Debug;
		};
		3BCB96271E0759C300F65F53 /* Release */ = {
			isa = XCBuildConfiguration;
			buildSettings = {
				CODE_SIGN_IDENTITY = "";
				DYLIB_COMPATIBILITY_VERSION = 1;
				DYLIB_CURRENT_VERSION = 1;
				INSTALL_PATH = /Library/ActIf/Conditions;
				PRODUCT_NAME = "$(TARGET_NAME)";
				iOSOpenDevBuildPackageOnAnyBuild = NO;
				iOSOpenDevCopyOnBuild = NO;
				iOSOpenDevDevice = "";
				iOSOpenDevInstallOnAnyBuild = NO;
				iOSOpenDevInstallOnProfiling = YES;
				iOSOpenDevRespringOnInstall = YES;
				iOSOpenDevUsePackageVersionPList = YES;
			};
			name = Release;
		};
/* End XCBuildConfiguration section */

/* Begin XCConfigurationList section */
		3BCB96031E0759C300F65F53 /* Build configuration list for PBXProject "BluetoothDeviceCondition" */ = {
			isa = XCConfigurationList;
			buildConfigurations = (
				3BCB96231E0759C300F65F53 /* Debug */,
				3BCB96241E0759C300F65F53 /* Release */,
			);
			defaultConfigurationIsVisible = 0;
			defaultConfigurationName = Release;
		};
		3BCB96251E0759C300F65F53 /* Build configuration list for PBXNativeTarget "BluetoothDeviceCondition" */ = {
			isa = XCConfigurationList;
			buildConfigurations = (
				3BCB96261E0759C300F65F53 /* Debug */,
				3BCB96271E0759C300F65F53 /* Release */,
			);
			defaultConfigurationIsVisible = 0;
			defaultConfigurationName = Release;
		};
/* End XCConfigurationList section */
	};
	rootObject = 3BCB96001E0759C300F65F53 /* Project object */;
}
